// !$*UTF8*$!
{
	archiveVersion = 1;
	classes = {
	};
	objectVersion = 50;
	objects = {

/* Begin PBXBuildFile section */
		0B5E29B4CDC93033B98B425F /* libPods-XWInterviewDemosTests.a in Frameworks */ = {isa = PBXBuildFile; fileRef = 8FE62C528DEE9BC1663E7B8E /* libPods-XWInterviewDemosTests.a */; };
		2E8C5CBF20FD48FC00C77A75 /* XWPerson.m in Sources */ = {isa = PBXBuildFile; fileRef = 2E8C5CBE20FD48FC00C77A75 /* XWPerson.m */; };
		2E8C5CC220FD49DB00C77A75 /* XWStudent.m in Sources */ = {isa = PBXBuildFile; fileRef = 2E8C5CC120FD49DB00C77A75 /* XWStudent.m */; };
		556ABABD706336BE65DAEFF4 /* libPods-XWInterviewDemos.a in Frameworks */ = {isa = PBXBuildFile; fileRef = 92C9ABC124E0BEB2C123311E /* libPods-XWInterviewDemos.a */; };
		97E5E470DBC5B458F87F1546 /* libPods-XWInterviewDemosUITests.a in Frameworks */ = {isa = PBXBuildFile; fileRef = 8836EBD9343812A96473396D /* libPods-XWInterviewDemosUITests.a */; };
		DE1312CF20FDEE1F00E39ED9 /* SecondView.m in Sources */ = {isa = PBXBuildFile; fileRef = DE1312CE20FDEE1F00E39ED9 /* SecondView.m */; };
		DE70582620FD9A3100439245 /* SecondViewController.m in Sources */ = {isa = PBXBuildFile; fileRef = DE70582420FD9A3100439245 /* SecondViewController.m */; };
		DE70582720FD9A3100439245 /* SecondViewController.xib in Resources */ = {isa = PBXBuildFile; fileRef = DE70582520FD9A3100439245 /* SecondViewController.xib */; };
		DE70582A20FDBF2500439245 /* NSTimer+XW.m in Sources */ = {isa = PBXBuildFile; fileRef = DE70582920FDBF2500439245 /* NSTimer+XW.m */; };
		DE70582D20FDC81200439245 /* XWWeakProxy.m in Sources */ = {isa = PBXBuildFile; fileRef = DE70582C20FDC81200439245 /* XWWeakProxy.m */; };
		DE99F16120F7796B00135326 /* AppDelegate.m in Sources */ = {isa = PBXBuildFile; fileRef = DE99F16020F7796B00135326 /* AppDelegate.m */; };
		DE99F16420F7796B00135326 /* ViewController.m in Sources */ = {isa = PBXBuildFile; fileRef = DE99F16320F7796B00135326 /* ViewController.m */; };
		DE99F16720F7796B00135326 /* Main.storyboard in Resources */ = {isa = PBXBuildFile; fileRef = DE99F16520F7796B00135326 /* Main.storyboard */; };
		DE99F16920F7796C00135326 /* Assets.xcassets in Resources */ = {isa = PBXBuildFile; fileRef = DE99F16820F7796C00135326 /* Assets.xcassets */; };
		DE99F16C20F7796C00135326 /* LaunchScreen.storyboard in Resources */ = {isa = PBXBuildFile; fileRef = DE99F16A20F7796C00135326 /* LaunchScreen.storyboard */; };
		DE99F16F20F7796D00135326 /* main.m in Sources */ = {isa = PBXBuildFile; fileRef = DE99F16E20F7796D00135326 /* main.m */; };
		DE99F17920F7796D00135326 /* XWInterviewDemosTests.m in Sources */ = {isa = PBXBuildFile; fileRef = DE99F17820F7796D00135326 /* XWInterviewDemosTests.m */; };
		DE99F18420F7796D00135326 /* XWInterviewDemosUITests.m in Sources */ = {isa = PBXBuildFile; fileRef = DE99F18320F7796D00135326 /* XWInterviewDemosUITests.m */; };
		DEB87A892100925000E4BD90 /* XWPerson+Study.m in Sources */ = {isa = PBXBuildFile; fileRef = DEB87A882100925000E4BD90 /* XWPerson+Study.m */; };
/* End PBXBuildFile section */

/* Begin PBXContainerItemProxy section */
		DE99F17520F7796D00135326 /* PBXContainerItemProxy */ = {
			isa = PBXContainerItemProxy;
			containerPortal = DE99F15420F7796B00135326 /* Project object */;
			proxyType = 1;
			remoteGlobalIDString = DE99F15B20F7796B00135326;
			remoteInfo = XWInterviewDemos;
		};
		DE99F18020F7796D00135326 /* PBXContainerItemProxy */ = {
			isa = PBXContainerItemProxy;
			containerPortal = DE99F15420F7796B00135326 /* Project object */;
			proxyType = 1;
			remoteGlobalIDString = DE99F15B20F7796B00135326;
			remoteInfo = XWInterviewDemos;
		};
/* End PBXContainerItemProxy section */

/* Begin PBXFileReference section */
		10B5B9191ECBD5C2F7089BC2 /* Pods-XWInterviewDemos.debug.xcconfig */ = {isa = PBXFileReference; includeInIndex = 1; lastKnownFileType = text.xcconfig; name = "Pods-XWInterviewDemos.debug.xcconfig"; path = "Pods/Target Support Files/Pods-XWInterviewDemos/Pods-XWInterviewDemos.debug.xcconfig"; sourceTree = "<group>"; };
		2E8C5CBD20FD48FC00C77A75 /* XWPerson.h */ = {isa = PBXFileReference; lastKnownFileType = sourcecode.c.h; path = XWPerson.h; sourceTree = "<group>"; };
		2E8C5CBE20FD48FC00C77A75 /* XWPerson.m */ = {isa = PBXFileReference; lastKnownFileType = sourcecode.c.objc; path = XWPerson.m; sourceTree = "<group>"; };
		2E8C5CC020FD49DB00C77A75 /* XWStudent.h */ = {isa = PBXFileReference; lastKnownFileType = sourcecode.c.h; path = XWStudent.h; sourceTree = "<group>"; };
		2E8C5CC120FD49DB00C77A75 /* XWStudent.m */ = {isa = PBXFileReference; lastKnownFileType = sourcecode.c.objc; path = XWStudent.m; sourceTree = "<group>"; };
		411394C7902DDDE8D0E095AD /* Pods-XWInterviewDemosTests.release.xcconfig */ = {isa = PBXFileReference; includeInIndex = 1; lastKnownFileType = text.xcconfig; name = "Pods-XWInterviewDemosTests.release.xcconfig"; path = "Pods/Target Support Files/Pods-XWInterviewDemosTests/Pods-XWInterviewDemosTests.release.xcconfig"; sourceTree = "<group>"; };
		62EB9B86035ACD4F7004FEA4 /* Pods-XWInterviewDemosTests.debug.xcconfig */ = {isa = PBXFileReference; includeInIndex = 1; lastKnownFileType = text.xcconfig; name = "Pods-XWInterviewDemosTests.debug.xcconfig"; path = "Pods/Target Support Files/Pods-XWInterviewDemosTests/Pods-XWInterviewDemosTests.debug.xcconfig"; sourceTree = "<group>"; };
		711EA8BC35240233F30A73C1 /* Pods-XWInterviewDemosUITests.debug.xcconfig */ = {isa = PBXFileReference; includeInIndex = 1; lastKnownFileType = text.xcconfig; name = "Pods-XWInterviewDemosUITests.debug.xcconfig"; path = "Pods/Target Support Files/Pods-XWInterviewDemosUITests/Pods-XWInterviewDemosUITests.debug.xcconfig"; sourceTree = "<group>"; };
		8836EBD9343812A96473396D /* libPods-XWInterviewDemosUITests.a */ = {isa = PBXFileReference; explicitFileType = archive.ar; includeInIndex = 0; path = "libPods-XWInterviewDemosUITests.a"; sourceTree = BUILT_PRODUCTS_DIR; };
		8FE62C528DEE9BC1663E7B8E /* libPods-XWInterviewDemosTests.a */ = {isa = PBXFileReference; explicitFileType = archive.ar; includeInIndex = 0; path = "libPods-XWInterviewDemosTests.a"; sourceTree = BUILT_PRODUCTS_DIR; };
		92C9ABC124E0BEB2C123311E /* libPods-XWInterviewDemos.a */ = {isa = PBXFileReference; explicitFileType = archive.ar; includeInIndex = 0; path = "libPods-XWInterviewDemos.a"; sourceTree = BUILT_PRODUCTS_DIR; };
		DE1312CD20FDEE1F00E39ED9 /* SecondView.h */ = {isa = PBXFileReference; lastKnownFileType = sourcecode.c.h; path = SecondView.h; sourceTree = "<group>"; };
		DE1312CE20FDEE1F00E39ED9 /* SecondView.m */ = {isa = PBXFileReference; lastKnownFileType = sourcecode.c.objc; path = SecondView.m; sourceTree = "<group>"; };
		DE70582320FD9A3100439245 /* SecondViewController.h */ = {isa = PBXFileReference; lastKnownFileType = sourcecode.c.h; path = SecondViewController.h; sourceTree = "<group>"; };
		DE70582420FD9A3100439245 /* SecondViewController.m */ = {isa = PBXFileReference; lastKnownFileType = sourcecode.c.objc; path = SecondViewController.m; sourceTree = "<group>"; };
		DE70582520FD9A3100439245 /* SecondViewController.xib */ = {isa = PBXFileReference; lastKnownFileType = file.xib; path = SecondViewController.xib; sourceTree = "<group>"; };
		DE70582820FDBF2500439245 /* NSTimer+XW.h */ = {isa = PBXFileReference; lastKnownFileType = sourcecode.c.h; path = "NSTimer+XW.h"; sourceTree = "<group>"; };
		DE70582920FDBF2500439245 /* NSTimer+XW.m */ = {isa = PBXFileReference; lastKnownFileType = sourcecode.c.objc; path = "NSTimer+XW.m"; sourceTree = "<group>"; };
		DE70582B20FDC81200439245 /* XWWeakProxy.h */ = {isa = PBXFileReference; lastKnownFileType = sourcecode.c.h; path = XWWeakProxy.h; sourceTree = "<group>"; };
		DE70582C20FDC81200439245 /* XWWeakProxy.m */ = {isa = PBXFileReference; lastKnownFileType = sourcecode.c.objc; path = XWWeakProxy.m; sourceTree = "<group>"; };
		DE99F15C20F7796B00135326 /* XWInterviewDemos.app */ = {isa = PBXFileReference; explicitFileType = wrapper.application; includeInIndex = 0; path = XWInterviewDemos.app; sourceTree = BUILT_PRODUCTS_DIR; };
		DE99F15F20F7796B00135326 /* AppDelegate.h */ = {isa = PBXFileReference; lastKnownFileType = sourcecode.c.h; path = AppDelegate.h; sourceTree = "<group>"; };
		DE99F16020F7796B00135326 /* AppDelegate.m */ = {isa = PBXFileReference; lastKnownFileType = sourcecode.c.objc; path = AppDelegate.m; sourceTree = "<group>"; };
		DE99F16220F7796B00135326 /* ViewController.h */ = {isa = PBXFileReference; lastKnownFileType = sourcecode.c.h; path = ViewController.h; sourceTree = "<group>"; };
		DE99F16320F7796B00135326 /* ViewController.m */ = {isa = PBXFileReference; lastKnownFileType = sourcecode.c.objc; path = ViewController.m; sourceTree = "<group>"; };
		DE99F16620F7796B00135326 /* Base */ = {isa = PBXFileReference; lastKnownFileType = file.storyboard; name = Base; path = Base.lproj/Main.storyboard; sourceTree = "<group>"; };
		DE99F16820F7796C00135326 /* Assets.xcassets */ = {isa = PBXFileReference; lastKnownFileType = folder.assetcatalog; path = Assets.xcassets; sourceTree = "<group>"; };
		DE99F16B20F7796C00135326 /* Base */ = {isa = PBXFileReference; lastKnownFileType = file.storyboard; name = Base; path = Base.lproj/LaunchScreen.storyboard; sourceTree = "<group>"; };
		DE99F16D20F7796C00135326 /* Info.plist */ = {isa = PBXFileReference; lastKnownFileType = text.plist.xml; path = Info.plist; sourceTree = "<group>"; };
		DE99F16E20F7796D00135326 /* main.m */ = {isa = PBXFileReference; lastKnownFileType = sourcecode.c.objc; path = main.m; sourceTree = "<group>"; };
		DE99F17420F7796D00135326 /* XWInterviewDemosTests.xctest */ = {isa = PBXFileReference; explicitFileType = wrapper.cfbundle; includeInIndex = 0; path = XWInterviewDemosTests.xctest; sourceTree = BUILT_PRODUCTS_DIR; };
		DE99F17820F7796D00135326 /* XWInterviewDemosTests.m */ = {isa = PBXFileReference; lastKnownFileType = sourcecode.c.objc; path = XWInterviewDemosTests.m; sourceTree = "<group>"; };
		DE99F17A20F7796D00135326 /* Info.plist */ = {isa = PBXFileReference; lastKnownFileType = text.plist.xml; path = Info.plist; sourceTree = "<group>"; };
		DE99F17F20F7796D00135326 /* XWInterviewDemosUITests.xctest */ = {isa = PBXFileReference; explicitFileType = wrapper.cfbundle; includeInIndex = 0; path = XWInterviewDemosUITests.xctest; sourceTree = BUILT_PRODUCTS_DIR; };
		DE99F18320F7796D00135326 /* XWInterviewDemosUITests.m */ = {isa = PBXFileReference; lastKnownFileType = sourcecode.c.objc; path = XWInterviewDemosUITests.m; sourceTree = "<group>"; };
		DE99F18520F7796D00135326 /* Info.plist */ = {isa = PBXFileReference; lastKnownFileType = text.plist.xml; path = Info.plist; sourceTree = "<group>"; };
		DEB87A872100925000E4BD90 /* XWPerson+Study.h */ = {isa = PBXFileReference; lastKnownFileType = sourcecode.c.h; path = "XWPerson+Study.h"; sourceTree = "<group>"; };
		DEB87A882100925000E4BD90 /* XWPerson+Study.m */ = {isa = PBXFileReference; lastKnownFileType = sourcecode.c.objc; path = "XWPerson+Study.m"; sourceTree = "<group>"; };
		F8E2FD7EDCEAAC25DE3D296C /* Pods-XWInterviewDemosUITests.release.xcconfig */ = {isa = PBXFileReference; includeInIndex = 1; lastKnownFileType = text.xcconfig; name = "Pods-XWInterviewDemosUITests.release.xcconfig"; path = "Pods/Target Support Files/Pods-XWInterviewDemosUITests/Pods-XWInterviewDemosUITests.release.xcconfig"; sourceTree = "<group>"; };
		FBD35F54D6BA2ED9315EC444 /* Pods-XWInterviewDemos.release.xcconfig */ = {isa = PBXFileReference; includeInIndex = 1; lastKnownFileType = text.xcconfig; name = "Pods-XWInterviewDemos.release.xcconfig"; path = "Pods/Target Support Files/Pods-XWInterviewDemos/Pods-XWInterviewDemos.release.xcconfig"; sourceTree = "<group>"; };
/* End PBXFileReference section */

/* Begin PBXFrameworksBuildPhase section */
		DE99F15920F7796B00135326 /* Frameworks */ = {
			isa = PBXFrameworksBuildPhase;
			buildActionMask = 2147483647;
			files = (
				556ABABD706336BE65DAEFF4 /* libPods-XWInterviewDemos.a in Frameworks */,
			);
			runOnlyForDeploymentPostprocessing = 0;
		};
		DE99F17120F7796D00135326 /* Frameworks */ = {
			isa = PBXFrameworksBuildPhase;
			buildActionMask = 2147483647;
			files = (
				0B5E29B4CDC93033B98B425F /* libPods-XWInterviewDemosTests.a in Frameworks */,
			);
			runOnlyForDeploymentPostprocessing = 0;
		};
		DE99F17C20F7796D00135326 /* Frameworks */ = {
			isa = PBXFrameworksBuildPhase;
			buildActionMask = 2147483647;
			files = (
				97E5E470DBC5B458F87F1546 /* libPods-XWInterviewDemosUITests.a in Frameworks */,
			);
			runOnlyForDeploymentPostprocessing = 0;
		};
/* End PBXFrameworksBuildPhase section */

/* Begin PBXGroup section */
		C2FD5B5FD677C0D190A98AA8 /* Pods */ = {
			isa = PBXGroup;
			children = (
				10B5B9191ECBD5C2F7089BC2 /* Pods-XWInterviewDemos.debug.xcconfig */,
				FBD35F54D6BA2ED9315EC444 /* Pods-XWInterviewDemos.release.xcconfig */,
				62EB9B86035ACD4F7004FEA4 /* Pods-XWInterviewDemosTests.debug.xcconfig */,
				411394C7902DDDE8D0E095AD /* Pods-XWInterviewDemosTests.release.xcconfig */,
				711EA8BC35240233F30A73C1 /* Pods-XWInterviewDemosUITests.debug.xcconfig */,
				F8E2FD7EDCEAAC25DE3D296C /* Pods-XWInterviewDemosUITests.release.xcconfig */,
			);
			name = Pods;
			sourceTree = "<group>";
		};
		DE99F15320F7796B00135326 = {
			isa = PBXGroup;
			children = (
				DE99F15E20F7796B00135326 /* XWInterviewDemos */,
				DE99F17720F7796D00135326 /* XWInterviewDemosTests */,
				DE99F18220F7796D00135326 /* XWInterviewDemosUITests */,
				DE99F15D20F7796B00135326 /* Products */,
				C2FD5B5FD677C0D190A98AA8 /* Pods */,
				E16B07B633B1051D6820D47D /* Frameworks */,
			);
			sourceTree = "<group>";
		};
		DE99F15D20F7796B00135326 /* Products */ = {
			isa = PBXGroup;
			children = (
				DE99F15C20F7796B00135326 /* XWInterviewDemos.app */,
				DE99F17420F7796D00135326 /* XWInterviewDemosTests.xctest */,
				DE99F17F20F7796D00135326 /* XWInterviewDemosUITests.xctest */,
			);
			name = Products;
			sourceTree = "<group>";
		};
		DE99F15E20F7796B00135326 /* XWInterviewDemos */ = {
			isa = PBXGroup;
			children = (
				DE99F15F20F7796B00135326 /* AppDelegate.h */,
				DE99F16020F7796B00135326 /* AppDelegate.m */,
				DE99F16220F7796B00135326 /* ViewController.h */,
				DE99F16320F7796B00135326 /* ViewController.m */,
				DE99F16520F7796B00135326 /* Main.storyboard */,
				DE99F16820F7796C00135326 /* Assets.xcassets */,
				DE99F16A20F7796C00135326 /* LaunchScreen.storyboard */,
				DE99F16D20F7796C00135326 /* Info.plist */,
				DE99F16E20F7796D00135326 /* main.m */,
				2E8C5CBD20FD48FC00C77A75 /* XWPerson.h */,
				2E8C5CBE20FD48FC00C77A75 /* XWPerson.m */,
				DEB87A872100925000E4BD90 /* XWPerson+Study.h */,
				DEB87A882100925000E4BD90 /* XWPerson+Study.m */,
				2E8C5CC020FD49DB00C77A75 /* XWStudent.h */,
				2E8C5CC120FD49DB00C77A75 /* XWStudent.m */,
				DE70582320FD9A3100439245 /* SecondViewController.h */,
				DE70582420FD9A3100439245 /* SecondViewController.m */,
				DE1312CD20FDEE1F00E39ED9 /* SecondView.h */,
				DE1312CE20FDEE1F00E39ED9 /* SecondView.m */,
				DE70582520FD9A3100439245 /* SecondViewController.xib */,
				DE70582820FDBF2500439245 /* NSTimer+XW.h */,
				DE70582920FDBF2500439245 /* NSTimer+XW.m */,
				DE70582B20FDC81200439245 /* XWWeakProxy.h */,
				DE70582C20FDC81200439245 /* XWWeakProxy.m */,
			);
			path = XWInterviewDemos;
			sourceTree = "<group>";
		};
		DE99F17720F7796D00135326 /* XWInterviewDemosTests */ = {
			isa = PBXGroup;
			children = (
				DE99F17820F7796D00135326 /* XWInterviewDemosTests.m */,
				DE99F17A20F7796D00135326 /* Info.plist */,
			);
			path = XWInterviewDemosTests;
			sourceTree = "<group>";
		};
		DE99F18220F7796D00135326 /* XWInterviewDemosUITests */ = {
			isa = PBXGroup;
			children = (
				DE99F18320F7796D00135326 /* XWInterviewDemosUITests.m */,
				DE99F18520F7796D00135326 /* Info.plist */,
			);
			path = XWInterviewDemosUITests;
			sourceTree = "<group>";
		};
		E16B07B633B1051D6820D47D /* Frameworks */ = {
			isa = PBXGroup;
			children = (
				92C9ABC124E0BEB2C123311E /* libPods-XWInterviewDemos.a */,
				8FE62C528DEE9BC1663E7B8E /* libPods-XWInterviewDemosTests.a */,
				8836EBD9343812A96473396D /* libPods-XWInterviewDemosUITests.a */,
			);
			name = Frameworks;
			sourceTree = "<group>";
		};
/* End PBXGroup section */

/* Begin PBXNativeTarget section */
		DE99F15B20F7796B00135326 /* XWInterviewDemos */ = {
			isa = PBXNativeTarget;
			buildConfigurationList = DE99F18820F7796D00135326 /* Build configuration list for PBXNativeTarget "XWInterviewDemos" */;
			buildPhases = (
				F536FBF1BD1D922DF9A2183C /* [CP] Check Pods Manifest.lock */,
				DE99F15820F7796B00135326 /* Sources */,
				DE99F15920F7796B00135326 /* Frameworks */,
				DE99F15A20F7796B00135326 /* Resources */,
			);
			buildRules = (
			);
			dependencies = (
			);
			name = XWInterviewDemos;
			productName = XWInterviewDemos;
			productReference = DE99F15C20F7796B00135326 /* XWInterviewDemos.app */;
			productType = "com.apple.product-type.application";
		};
		DE99F17320F7796D00135326 /* XWInterviewDemosTests */ = {
			isa = PBXNativeTarget;
			buildConfigurationList = DE99F18B20F7796D00135326 /* Build configuration list for PBXNativeTarget "XWInterviewDemosTests" */;
			buildPhases = (
				58767AD1B914BBEAA6909201 /* [CP] Check Pods Manifest.lock */,
				DE99F17020F7796D00135326 /* Sources */,
				DE99F17120F7796D00135326 /* Frameworks */,
				DE99F17220F7796D00135326 /* Resources */,
			);
			buildRules = (
			);
			dependencies = (
				DE99F17620F7796D00135326 /* PBXTargetDependency */,
			);
			name = XWInterviewDemosTests;
			productName = XWInterviewDemosTests;
			productReference = DE99F17420F7796D00135326 /* XWInterviewDemosTests.xctest */;
			productType = "com.apple.product-type.bundle.unit-test";
		};
		DE99F17E20F7796D00135326 /* XWInterviewDemosUITests */ = {
			isa = PBXNativeTarget;
			buildConfigurationList = DE99F18E20F7796D00135326 /* Build configuration list for PBXNativeTarget "XWInterviewDemosUITests" */;
			buildPhases = (
				DF90CF5436EE29DCE88C1B05 /* [CP] Check Pods Manifest.lock */,
				DE99F17B20F7796D00135326 /* Sources */,
				DE99F17C20F7796D00135326 /* Frameworks */,
				DE99F17D20F7796D00135326 /* Resources */,
			);
			buildRules = (
			);
			dependencies = (
				DE99F18120F7796D00135326 /* PBXTargetDependency */,
			);
			name = XWInterviewDemosUITests;
			productName = XWInterviewDemosUITests;
			productReference = DE99F17F20F7796D00135326 /* XWInterviewDemosUITests.xctest */;
			productType = "com.apple.product-type.bundle.ui-testing";
		};
/* End PBXNativeTarget section */

/* Begin PBXProject section */
		DE99F15420F7796B00135326 /* Project object */ = {
			isa = PBXProject;
			attributes = {
				LastUpgradeCheck = 0940;
				ORGANIZATIONNAME = "邱学伟";
				TargetAttributes = {
					DE99F15B20F7796B00135326 = {
						CreatedOnToolsVersion = 9.4.1;
					};
					DE99F17320F7796D00135326 = {
						CreatedOnToolsVersion = 9.4.1;
						TestTargetID = DE99F15B20F7796B00135326;
					};
					DE99F17E20F7796D00135326 = {
						CreatedOnToolsVersion = 9.4.1;
						TestTargetID = DE99F15B20F7796B00135326;
					};
				};
			};
			buildConfigurationList = DE99F15720F7796B00135326 /* Build configuration list for PBXProject "XWInterviewDemos" */;
			compatibilityVersion = "Xcode 9.3";
			developmentRegion = en;
			hasScannedForEncodings = 0;
			knownRegions = (
				en,
				Base,
			);
			mainGroup = DE99F15320F7796B00135326;
			productRefGroup = DE99F15D20F7796B00135326 /* Products */;
			projectDirPath = "";
			projectRoot = "";
			targets = (
				DE99F15B20F7796B00135326 /* XWInterviewDemos */,
				DE99F17320F7796D00135326 /* XWInterviewDemosTests */,
				DE99F17E20F7796D00135326 /* XWInterviewDemosUITests */,
			);
		};
/* End PBXProject section */

/* Begin PBXResourcesBuildPhase section */
		DE99F15A20F7796B00135326 /* Resources */ = {
			isa = PBXResourcesBuildPhase;
			buildActionMask = 2147483647;
			files = (
				DE70582720FD9A3100439245 /* SecondViewController.xib in Resources */,
				DE99F16C20F7796C00135326 /* LaunchScreen.storyboard in Resources */,
				DE99F16920F7796C00135326 /* Assets.xcassets in Resources */,
				DE99F16720F7796B00135326 /* Main.storyboard in Resources */,
			);
			runOnlyForDeploymentPostprocessing = 0;
		};
		DE99F17220F7796D00135326 /* Resources */ = {
			isa = PBXResourcesBuildPhase;
			buildActionMask = 2147483647;
			files = (
			);
			runOnlyForDeploymentPostprocessing = 0;
		};
		DE99F17D20F7796D00135326 /* Resources */ = {
			isa = PBXResourcesBuildPhase;
			buildActionMask = 2147483647;
			files = (
			);
			runOnlyForDeploymentPostprocessing = 0;
		};
/* End PBXResourcesBuildPhase section */

/* Begin PBXShellScriptBuildPhase section */
		58767AD1B914BBEAA6909201 /* [CP] Check Pods Manifest.lock */ = {
			isa = PBXShellScriptBuildPhase;
			buildActionMask = 2147483647;
			files = (
			);
			inputPaths = (
				"${PODS_PODFILE_DIR_PATH}/Podfile.lock",
				"${PODS_ROOT}/Manifest.lock",
			);
			name = "[CP] Check Pods Manifest.lock";
			outputPaths = (
				"$(DERIVED_FILE_DIR)/Pods-XWInterviewDemosTests-checkManifestLockResult.txt",
			);
			runOnlyForDeploymentPostprocessing = 0;
			shellPath = /bin/sh;
			shellScript = "diff \"${PODS_PODFILE_DIR_PATH}/Podfile.lock\" \"${PODS_ROOT}/Manifest.lock\" > /dev/null\nif [ $? != 0 ] ; then\n    # print error to STDERR\n    echo \"error: The sandbox is not in sync with the Podfile.lock. Run 'pod install' or update your CocoaPods installation.\" >&2\n    exit 1\nfi\n# This output is used by Xcode 'outputs' to avoid re-running this script phase.\necho \"SUCCESS\" > \"${SCRIPT_OUTPUT_FILE_0}\"\n";
			showEnvVarsInLog = 0;
		};
		DF90CF5436EE29DCE88C1B05 /* [CP] Check Pods Manifest.lock */ = {
			isa = PBXShellScriptBuildPhase;
			buildActionMask = 2147483647;
			files = (
			);
			inputPaths = (
				"${PODS_PODFILE_DIR_PATH}/Podfile.lock",
				"${PODS_ROOT}/Manifest.lock",
			);
			name = "[CP] Check Pods Manifest.lock";
			outputPaths = (
				"$(DERIVED_FILE_DIR)/Pods-XWInterviewDemosUITests-checkManifestLockResult.txt",
			);
			runOnlyForDeploymentPostprocessing = 0;
			shellPath = /bin/sh;
			shellScript = "diff \"${PODS_PODFILE_DIR_PATH}/Podfile.lock\" \"${PODS_ROOT}/Manifest.lock\" > /dev/null\nif [ $? != 0 ] ; then\n    # print error to STDERR\n    echo \"error: The sandbox is not in sync with the Podfile.lock. Run 'pod install' or update your CocoaPods installation.\" >&2\n    exit 1\nfi\n# This output is used by Xcode 'outputs' to avoid re-running this script phase.\necho \"SUCCESS\" > \"${SCRIPT_OUTPUT_FILE_0}\"\n";
			showEnvVarsInLog = 0;
		};
		F536FBF1BD1D922DF9A2183C /* [CP] Check Pods Manifest.lock */ = {
			isa = PBXShellScriptBuildPhase;
			buildActionMask = 2147483647;
			files = (
			);
			inputPaths = (
				"${PODS_PODFILE_DIR_PATH}/Podfile.lock",
				"${PODS_ROOT}/Manifest.lock",
			);
			name = "[CP] Check Pods Manifest.lock";
			outputPaths = (
				"$(DERIVED_FILE_DIR)/Pods-XWInterviewDemos-checkManifestLockResult.txt",
			);
			runOnlyForDeploymentPostprocessing = 0;
			shellPath = /bin/sh;
			shellScript = "diff \"${PODS_PODFILE_DIR_PATH}/Podfile.lock\" \"${PODS_ROOT}/Manifest.lock\" > /dev/null\nif [ $? != 0 ] ; then\n    # print error to STDERR\n    echo \"error: The sandbox is not in sync with the Podfile.lock. Run 'pod install' or update your CocoaPods installation.\" >&2\n    exit 1\nfi\n# This output is used by Xcode 'outputs' to avoid re-running this script phase.\necho \"SUCCESS\" > \"${SCRIPT_OUTPUT_FILE_0}\"\n";
			showEnvVarsInLog = 0;
		};
/* End PBXShellScriptBuildPhase section */

/* Begin PBXSourcesBuildPhase section */
		DE99F15820F7796B00135326 /* Sources */ = {
			isa = PBXSourcesBuildPhase;
			buildActionMask = 2147483647;
			files = (
				DE70582620FD9A3100439245 /* SecondViewController.m in Sources */,
				DEB87A892100925000E4BD90 /* XWPerson+Study.m in Sources */,
				DE70582D20FDC81200439245 /* XWWeakProxy.m in Sources */,
				DE99F16420F7796B00135326 /* ViewController.m in Sources */,
				DE99F16F20F7796D00135326 /* main.m in Sources */,
				DE70582A20FDBF2500439245 /* NSTimer+XW.m in Sources */,
				DE1312CF20FDEE1F00E39ED9 /* SecondView.m in Sources */,
				DE99F16120F7796B00135326 /* AppDelegate.m in Sources */,
				2E8C5CC220FD49DB00C77A75 /* XWStudent.m in Sources */,
				2E8C5CBF20FD48FC00C77A75 /* XWPerson.m in Sources */,
			);
			runOnlyForDeploymentPostprocessing = 0;
		};
		DE99F17020F7796D00135326 /* Sources */ = {
			isa = PBXSourcesBuildPhase;
			buildActionMask = 2147483647;
			files = (
				DE99F17920F7796D00135326 /* XWInterviewDemosTests.m in Sources */,
			);
			runOnlyForDeploymentPostprocessing = 0;
		};
		DE99F17B20F7796D00135326 /* Sources */ = {
			isa = PBXSourcesBuildPhase;
			buildActionMask = 2147483647;
			files = (
				DE99F18420F7796D00135326 /* XWInterviewDemosUITests.m in Sources */,
			);
			runOnlyForDeploymentPostprocessing = 0;
		};
/* End PBXSourcesBuildPhase section */

/* Begin PBXTargetDependency section */
		DE99F17620F7796D00135326 /* PBXTargetDependency */ = {
			isa = PBXTargetDependency;
			target = DE99F15B20F7796B00135326 /* XWInterviewDemos */;
			targetProxy = DE99F17520F7796D00135326 /* PBXContainerItemProxy */;
		};
		DE99F18120F7796D00135326 /* PBXTargetDependency */ = {
			isa = PBXTargetDependency;
			target = DE99F15B20F7796B00135326 /* XWInterviewDemos */;
			targetProxy = DE99F18020F7796D00135326 /* PBXContainerItemProxy */;
		};
/* End PBXTargetDependency section */

/* Begin PBXVariantGroup section */
		DE99F16520F7796B00135326 /* Main.storyboard */ = {
			isa = PBXVariantGroup;
			children = (
				DE99F16620F7796B00135326 /* Base */,
			);
			name = Main.storyboard;
			sourceTree = "<group>";
		};
		DE99F16A20F7796C00135326 /* LaunchScreen.storyboard */ = {
			isa = PBXVariantGroup;
			children = (
				DE99F16B20F7796C00135326 /* Base */,
			);
			name = LaunchScreen.storyboard;
			sourceTree = "<group>";
		};
/* End PBXVariantGroup section */

/* Begin XCBuildConfiguration section */
		DE99F18620F7796D00135326 /* Debug */ = {
			isa = XCBuildConfiguration;
			buildSettings = {
				ALWAYS_SEARCH_USER_PATHS = NO;
				CLANG_ANALYZER_NONNULL = YES;
				CLANG_ANALYZER_NUMBER_OBJECT_CONVERSION = YES_AGGRESSIVE;
				CLANG_CXX_LANGUAGE_STANDARD = "gnu++14";
				CLANG_CXX_LIBRARY = "libc++";
				CLANG_ENABLE_MODULES = YES;
				CLANG_ENABLE_OBJC_ARC = YES;
				CLANG_ENABLE_OBJC_WEAK = YES;
				CLANG_WARN_BLOCK_CAPTURE_AUTORELEASING = YES;
				CLANG_WARN_BOOL_CONVERSION = YES;
				CLANG_WARN_COMMA = YES;
				CLANG_WARN_CONSTANT_CONVERSION = YES;
				CLANG_WARN_DEPRECATED_OBJC_IMPLEMENTATIONS = YES;
				CLANG_WARN_DIRECT_OBJC_ISA_USAGE = YES_ERROR;
				CLANG_WARN_DOCUMENTATION_COMMENTS = YES;
				CLANG_WARN_EMPTY_BODY = YES;
				CLANG_WARN_ENUM_CONVERSION = YES;
				CLANG_WARN_INFINITE_RECURSION = YES;
				CLANG_WARN_INT_CONVERSION = YES;
				CLANG_WARN_NON_LITERAL_NULL_CONVERSION = YES;
				CLANG_WARN_OBJC_IMPLICIT_RETAIN_SELF = YES;
				CLANG_WARN_OBJC_LITERAL_CONVERSION = YES;
				CLANG_WARN_OBJC_ROOT_CLASS = YES_ERROR;
				CLANG_WARN_RANGE_LOOP_ANALYSIS = YES;
				CLANG_WARN_STRICT_PROTOTYPES = YES;
				CLANG_WARN_SUSPICIOUS_MOVE = YES;
				CLANG_WARN_UNGUARDED_AVAILABILITY = YES_AGGRESSIVE;
				CLANG_WARN_UNREACHABLE_CODE = YES;
				CLANG_WARN__DUPLICATE_METHOD_MATCH = YES;
				CODE_SIGN_IDENTITY = "iPhone Developer";
				COPY_PHASE_STRIP = NO;
				DEBUG_INFORMATION_FORMAT = dwarf;
				ENABLE_STRICT_OBJC_MSGSEND = YES;
				ENABLE_TESTABILITY = YES;
				GCC_C_LANGUAGE_STANDARD = gnu11;
				GCC_DYNAMIC_NO_PIC = NO;
				GCC_NO_COMMON_BLOCKS = YES;
				GCC_OPTIMIZATION_LEVEL = 0;
				GCC_PREPROCESSOR_DEFINITIONS = (
					"DEBUG=1",
					"$(inherited)",
				);
				GCC_WARN_64_TO_32_BIT_CONVERSION = YES;
				GCC_WARN_ABOUT_RETURN_TYPE = YES_ERROR;
				GCC_WARN_UNDECLARED_SELECTOR = YES;
				GCC_WARN_UNINITIALIZED_AUTOS = YES_AGGRESSIVE;
				GCC_WARN_UNUSED_FUNCTION = YES;
				GCC_WARN_UNUSED_VARIABLE = YES;
				IPHONEOS_DEPLOYMENT_TARGET = 11.4;
				MTL_ENABLE_DEBUG_INFO = YES;
				ONLY_ACTIVE_ARCH = YES;
				SDKROOT = iphoneos;
			};
			name = Debug;
		};
		DE99F18720F7796D00135326 /* Release */ = {
			isa = XCBuildConfiguration;
			buildSettings = {
				ALWAYS_SEARCH_USER_PATHS = NO;
				CLANG_ANALYZER_NONNULL = YES;
				CLANG_ANALYZER_NUMBER_OBJECT_CONVERSION = YES_AGGRESSIVE;
				CLANG_CXX_LANGUAGE_STANDARD = "gnu++14";
				CLANG_CXX_LIBRARY = "libc++";
				CLANG_ENABLE_MODULES = YES;
				CLANG_ENABLE_OBJC_ARC = YES;
				CLANG_ENABLE_OBJC_WEAK = YES;
				CLANG_WARN_BLOCK_CAPTURE_AUTORELEASING = YES;
				CLANG_WARN_BOOL_CONVERSION = YES;
				CLANG_WARN_COMMA = YES;
				CLANG_WARN_CONSTANT_CONVERSION = YES;
				CLANG_WARN_DEPRECATED_OBJC_IMPLEMENTATIONS = YES;
				CLANG_WARN_DIRECT_OBJC_ISA_USAGE = YES_ERROR;
				CLANG_WARN_DOCUMENTATION_COMMENTS = YES;
				CLANG_WARN_EMPTY_BODY = YES;
				CLANG_WARN_ENUM_CONVERSION = YES;
				CLANG_WARN_INFINITE_RECURSION = YES;
				CLANG_WARN_INT_CONVERSION = YES;
				CLANG_WARN_NON_LITERAL_NULL_CONVERSION = YES;
				CLANG_WARN_OBJC_IMPLICIT_RETAIN_SELF = YES;
				CLANG_WARN_OBJC_LITERAL_CONVERSION = YES;
				CLANG_WARN_OBJC_ROOT_CLASS = YES_ERROR;
				CLANG_WARN_RANGE_LOOP_ANALYSIS = YES;
				CLANG_WARN_STRICT_PROTOTYPES = YES;
				CLANG_WARN_SUSPICIOUS_MOVE = YES;
				CLANG_WARN_UNGUARDED_AVAILABILITY = YES_AGGRESSIVE;
				CLANG_WARN_UNREACHABLE_CODE = YES;
				CLANG_WARN__DUPLICATE_METHOD_MATCH = YES;
				CODE_SIGN_IDENTITY = "iPhone Developer";
				COPY_PHASE_STRIP = NO;
				DEBUG_INFORMATION_FORMAT = "dwarf-with-dsym";
				ENABLE_NS_ASSERTIONS = NO;
				ENABLE_STRICT_OBJC_MSGSEND = YES;
				GCC_C_LANGUAGE_STANDARD = gnu11;
				GCC_NO_COMMON_BLOCKS = YES;
				GCC_WARN_64_TO_32_BIT_CONVERSION = YES;
				GCC_WARN_ABOUT_RETURN_TYPE = YES_ERROR;
				GCC_WARN_UNDECLARED_SELECTOR = YES;
				GCC_WARN_UNINITIALIZED_AUTOS = YES_AGGRESSIVE;
				GCC_WARN_UNUSED_FUNCTION = YES;
				GCC_WARN_UNUSED_VARIABLE = YES;
				IPHONEOS_DEPLOYMENT_TARGET = 11.4;
				MTL_ENABLE_DEBUG_INFO = NO;
				SDKROOT = iphoneos;
				VALIDATE_PRODUCT = YES;
			};
			name = Release;
		};
		DE99F18920F7796D00135326 /* Debug */ = {
			isa = XCBuildConfiguration;
			baseConfigurationReference = 10B5B9191ECBD5C2F7089BC2 /* Pods-XWInterviewDemos.debug.xcconfig */;
			buildSettings = {
				ASSETCATALOG_COMPILER_APPICON_NAME = AppIcon;
				CODE_SIGN_STYLE = Automatic;
				INFOPLIST_FILE = XWInterviewDemos/Info.plist;
				LD_RUNPATH_SEARCH_PATHS = "$(inherited) @executable_path/Frameworks";
				PRODUCT_BUNDLE_IDENTIFIER = com.qiuxuewei.XWInterviewDemos;
				PRODUCT_NAME = "$(TARGET_NAME)";
				TARGETED_DEVICE_FAMILY = "1,2";
			};
			name = Debug;
		};
		DE99F18A20F7796D00135326 /* Release */ = {
			isa = XCBuildConfiguration;
			baseConfigurationReference = FBD35F54D6BA2ED9315EC444 /* Pods-XWInterviewDemos.release.xcconfig */;
			buildSettings = {
				ASSETCATALOG_COMPILER_APPICON_NAME = AppIcon;
				CODE_SIGN_STYLE = Automatic;
				INFOPLIST_FILE = XWInterviewDemos/Info.plist;
				LD_RUNPATH_SEARCH_PATHS = "$(inherited) @executable_path/Frameworks";
				PRODUCT_BUNDLE_IDENTIFIER = com.qiuxuewei.XWInterviewDemos;
				PRODUCT_NAME = "$(TARGET_NAME)";
				TARGETED_DEVICE_FAMILY = "1,2";
			};
			name = Release;
		};
		DE99F18C20F7796D00135326 /* Debug */ = {
			isa = XCBuildConfiguration;
			baseConfigurationReference = 62EB9B86035ACD4F7004FEA4 /* Pods-XWInterviewDemosTests.debug.xcconfig */;
			buildSettings = {
				BUNDLE_LOADER = "$(TEST_HOST)";
				CODE_SIGN_STYLE = Automatic;
				INFOPLIST_FILE = XWInterviewDemosTests/Info.plist;
				LD_RUNPATH_SEARCH_PATHS = "$(inherited) @executable_path/Frameworks @loader_path/Frameworks";
				PRODUCT_BUNDLE_IDENTIFIER = com.qiuxuewei.XWInterviewDemosTests;
				PRODUCT_NAME = "$(TARGET_NAME)";
				TARGETED_DEVICE_FAMILY = "1,2";
				TEST_HOST = "$(BUILT_PRODUCTS_DIR)/XWInterviewDemos.app/XWInterviewDemos";
			};
			name = Debug;
		};
		DE99F18D20F7796D00135326 /* Release */ = {
			isa = XCBuildConfiguration;
			baseConfigurationReference = 411394C7902DDDE8D0E095AD /* Pods-XWInterviewDemosTests.release.xcconfig */;
			buildSettings = {
				BUNDLE_LOADER = "$(TEST_HOST)";
				CODE_SIGN_STYLE = Automatic;
				INFOPLIST_FILE = XWInterviewDemosTests/Info.plist;
				LD_RUNPATH_SEARCH_PATHS = "$(inherited) @executable_path/Frameworks @loader_path/Frameworks";
				PRODUCT_BUNDLE_IDENTIFIER = com.qiuxuewei.XWInterviewDemosTests;
				PRODUCT_NAME = "$(TARGET_NAME)";
				TARGETED_DEVICE_FAMILY = "1,2";
				TEST_HOST = "$(BUILT_PRODUCTS_DIR)/XWInterviewDemos.app/XWInterviewDemos";
			};
			name = Release;
		};
		DE99F18F20F7796D00135326 /* Debug */ = {
			isa = XCBuildConfiguration;
			baseConfigurationReference = 711EA8BC35240233F30A73C1 /* Pods-XWInterviewDemosUITests.debug.xcconfig */;
			buildSettings = {
				CODE_SIGN_STYLE = Automatic;
				INFOPLIST_FILE = XWInterviewDemosUITests/Info.plist;
				LD_RUNPATH_SEARCH_PATHS = "$(inherited) @executable_path/Frameworks @loader_path/Frameworks";
				PRODUCT_BUNDLE_IDENTIFIER = com.qiuxuewei.XWInterviewDemosUITests;
				PRODUCT_NAME = "$(TARGET_NAME)";
				TARGETED_DEVICE_FAMILY = "1,2";
				TEST_TARGET_NAME = XWInterviewDemos;
			};
			name = Debug;
		};
		DE99F19020F7796D00135326 /* Release */ = {
			isa = XCBuildConfiguration;
			baseConfigurationReference = F8E2FD7EDCEAAC25DE3D296C /* Pods-XWInterviewDemosUITests.release.xcconfig */;
			buildSettings = {
				CODE_SIGN_STYLE = Automatic;
				INFOPLIST_FILE = XWInterviewDemosUITests/Info.plist;
				LD_RUNPATH_SEARCH_PATHS = "$(inherited) @executable_path/Frameworks @loader_path/Frameworks";
				PRODUCT_BUNDLE_IDENTIFIER = com.qiuxuewei.XWInterviewDemosUITests;
				PRODUCT_NAME = "$(TARGET_NAME)";
				TARGETED_DEVICE_FAMILY = "1,2";
				TEST_TARGET_NAME = XWInterviewDemos;
			};
			name = Release;
		};
/* End XCBuildConfiguration section */

/* Begin XCConfigurationList section */
		DE99F15720F7796B00135326 /* Build configuration list for PBXProject "XWInterviewDemos" */ = {
			isa = XCConfigurationList;
			buildConfigurations = (
				DE99F18620F7796D00135326 /* Debug */,
				DE99F18720F7796D00135326 /* Release */,
			);
			defaultConfigurationIsVisible = 0;
			defaultConfigurationName = Release;
		};
		DE99F18820F7796D00135326 /* Build configuration list for PBXNativeTarget "XWInterviewDemos" */ = {
			isa = XCConfigurationList;
			buildConfigurations = (
				DE99F18920F7796D00135326 /* Debug */,
				DE99F18A20F7796D00135326 /* Release */,
			);
			defaultConfigurationIsVisible = 0;
			defaultConfigurationName = Release;
		};
		DE99F18B20F7796D00135326 /* Build configuration list for PBXNativeTarget "XWInterviewDemosTests" */ = {
			isa = XCConfigurationList;
			buildConfigurations = (
				DE99F18C20F7796D00135326 /* Debug */,
				DE99F18D20F7796D00135326 /* Release */,
			);
			defaultConfigurationIsVisible = 0;
			defaultConfigurationName = Release;
		};
		DE99F18E20F7796D00135326 /* Build configuration list for PBXNativeTarget "XWInterviewDemosUITests" */ = {
			isa = XCConfigurationList;
			buildConfigurations = (
				DE99F18F20F7796D00135326 /* Debug */,
				DE99F19020F7796D00135326 /* Release */,
			);
			defaultConfigurationIsVisible = 0;
			defaultConfigurationName = Release;
		};
/* End XCConfigurationList section */
	};
	rootObject = DE99F15420F7796B00135326 /* Project object */;
}
